
Microsoft Visual Studio Solution File, Format Version 12.00
# Visual Studio Version 17
VisualStudioVersion = 17.4.32912.340
MinimumVisualStudioVersion = 10.0.40219.1
Project("{9A19103F-16F7-4668-BE54-9A1E7A4F7556}") = "Nekai.Common", "Nekai.Common\Nekai.Common.csproj", "{DF0905DB-BA25-48F8-98FF-384ED71770B5}"
EndProject
Project("{FAE04EC0-301F-11D3-BF4B-00C04F79EFBC}") = "Nekai.Razor", "Nekai.Razor\Nekai.Razor.csproj", "{DEDB1DC6-5A81-44DC-B348-B3906E0FB885}"
EndProject
Global
	GlobalSection(SolutionConfigurationPlatforms) = preSolution
		Debug|Any CPU = Debug|Any CPU
		Release|Any CPU = Release|Any CPU
	EndGlobalSection
	GlobalSection(ProjectConfigurationPlatforms) = postSolution
		{DF0905DB-BA25-48F8-98FF-384ED71770B5}.Debug|Any CPU.ActiveCfg = Debug|Any CPU
		{DF0905DB-BA25-48F8-98FF-384ED71770B5}.Debug|Any CPU.Build.0 = Debug|Any CPU
		{DF0905DB-BA25-48F8-98FF-384ED71770B5}.Release|Any CPU.ActiveCfg = Release|Any CPU
		{DF0905DB-BA25-48F8-98FF-384ED71770B5}.Release|Any CPU.Build.0 = Release|Any CPU
		{DEDB1DC6-5A81-44DC-B348-B3906E0FB885}.Debug|Any CPU.ActiveCfg = Debug|Any CPU
		{DEDB1DC6-5A81-44DC-B348-B3906E0FB885}.Debug|Any CPU.Build.0 = Debug|Any CPU
		{DEDB1DC6-5A81-44DC-B348-B3906E0FB885}.Release|Any CPU.ActiveCfg = Release|Any CPU
		{DEDB1DC6-5A81-44DC-B348-B3906E0FB885}.Release|Any CPU.Build.0 = Release|Any CPU
	EndGlobalSection
	GlobalSection(SolutionProperties) = preSolution
		HideSolutionNode = FALSE
	EndGlobalSection
	GlobalSection(ExtensibilityGlobals) = postSolution
		SolutionGuid = {70BBF8E8-1188-4AED-9FBC-3FFFDE7971EA}
	EndGlobalSection
EndGlobal
