
Microsoft Visual Studio Solution File, Format Version 12.00
# Visual Studio Version 17
VisualStudioVersion = 17.10.34707.107
MinimumVisualStudioVersion = 10.0.40219.1
Project("{9A19103F-16F7-4668-BE54-9A1E7A4F7556}") = "Nekai.Razor", "Nekai.Razor.csproj", "{BE8BA4FE-B174-4BDC-BFCC-824045863DA0}"
EndProject
Project("{9A19103F-16F7-4668-BE54-9A1E7A4F7556}") = "Nekai.Razor.Preview", "..\Nekai.Razor.Preview\Nekai.Razor.Preview\Nekai.Razor.Preview.csproj", "{663E245D-6457-494B-A25F-9A6DD37F0B2C}"
EndProject
Project("{9A19103F-16F7-4668-BE54-9A1E7A4F7556}") = "Nekai.Razor.Preview.Client", "..\Nekai.Razor.Preview\Nekai.Razor.Preview.Client\Nekai.Razor.Preview.Client.csproj", "{EFEBD1E0-49E7-4545-A7FD-34F7320CF81D}"
EndProject
Project("{9A19103F-16F7-4668-BE54-9A1E7A4F7556}") = "Nekai.Common", "..\Nekai.Common\Nekai.Common.csproj", "{182907FB-F29B-4B34-A2CC-93E080A7D94D}"
EndProject
Global
	GlobalSection(SolutionConfigurationPlatforms) = preSolution
		Debug|Any CPU = Debug|Any CPU
		Release|Any CPU = Release|Any CPU
	EndGlobalSection
	GlobalSection(ProjectConfigurationPlatforms) = postSolution
		{BE8BA4FE-B174-4BDC-BFCC-824045863DA0}.Debug|Any CPU.ActiveCfg = Debug|Any CPU
		{BE8BA4FE-B174-4BDC-BFCC-824045863DA0}.Debug|Any CPU.Build.0 = Debug|Any CPU
		{BE8BA4FE-B174-4BDC-BFCC-824045863DA0}.Release|Any CPU.ActiveCfg = Release|Any CPU
		{BE8BA4FE-B174-4BDC-BFCC-824045863DA0}.Release|Any CPU.Build.0 = Release|Any CPU
		{663E245D-6457-494B-A25F-9A6DD37F0B2C}.Debug|Any CPU.ActiveCfg = Debug|Any CPU
		{663E245D-6457-494B-A25F-9A6DD37F0B2C}.Debug|Any CPU.Build.0 = Debug|Any CPU
		{663E245D-6457-494B-A25F-9A6DD37F0B2C}.Release|Any CPU.ActiveCfg = Release|Any CPU
		{663E245D-6457-494B-A25F-9A6DD37F0B2C}.Release|Any CPU.Build.0 = Release|Any CPU
		{EFEBD1E0-49E7-4545-A7FD-34F7320CF81D}.Debug|Any CPU.ActiveCfg = Debug|Any CPU
		{EFEBD1E0-49E7-4545-A7FD-34F7320CF81D}.Debug|Any CPU.Build.0 = Debug|Any CPU
		{EFEBD1E0-49E7-4545-A7FD-34F7320CF81D}.Release|Any CPU.ActiveCfg = Release|Any CPU
		{EFEBD1E0-49E7-4545-A7FD-34F7320CF81D}.Release|Any CPU.Build.0 = Release|Any CPU
		{182907FB-F29B-4B34-A2CC-93E080A7D94D}.Debug|Any CPU.ActiveCfg = Debug|Any CPU
		{182907FB-F29B-4B34-A2CC-93E080A7D94D}.Debug|Any CPU.Build.0 = Debug|Any CPU
		{182907FB-F29B-4B34-A2CC-93E080A7D94D}.Release|Any CPU.ActiveCfg = Release|Any CPU
		{182907FB-F29B-4B34-A2CC-93E080A7D94D}.Release|Any CPU.Build.0 = Release|Any CPU
	EndGlobalSection
	GlobalSection(SolutionProperties) = preSolution
		HideSolutionNode = FALSE
	EndGlobalSection
	GlobalSection(ExtensibilityGlobals) = postSolution
		SolutionGuid = {D1E3F8CB-E38A-4679-8FAF-B39D6073D166}
	EndGlobalSection
EndGlobal
